
Microsoft Visual Studio Solution File, Format Version 12.00
# Visual Studio Version 17
VisualStudioVersion = 17.14.36623.8 d17.14
MinimumVisualStudioVersion = 10.0.40219.1
Project("{FAE04EC0-301F-11D3-BF4B-00C04F79EFBC}") = "EmployeeManagementSystem", "EmployeeManagementSystem\EmployeeManagementSystem.csproj", "{00FBC8F5-E56E-48C4-B764-72EF216154F0}"
EndProject
Global
	GlobalSection(SolutionConfigurationPlatforms) = preSolution
		Debug|Any CPU = Debug|Any CPU
		Release|Any CPU = Release|Any CPU
	EndGlobalSection
	GlobalSection(ProjectConfigurationPlatforms) = postSolution
		{00FBC8F5-E56E-48C4-B764-72EF216154F0}.Debug|Any CPU.ActiveCfg = Debug|Any CPU
		{00FBC8F5-E56E-48C4-B764-72EF216154F0}.Debug|Any CPU.Build.0 = Debug|Any CPU
		{00FBC8F5-E56E-48C4-B764-72EF216154F0}.Release|Any CPU.ActiveCfg = Release|Any CPU
		{00FBC8F5-E56E-48C4-B764-72EF216154F0}.Release|Any CPU.Build.0 = Release|Any CPU
	EndGlobalSection
	GlobalSection(SolutionProperties) = preSolution
		HideSolutionNode = FALSE
	EndGlobalSection
	GlobalSection(ExtensibilityGlobals) = postSolution
		SolutionGuid = {7A9EB4BE-5C33-4B5C-847E-2654CC6A9D73}
	EndGlobalSection
EndGlobal
